
Microsoft Visual Studio Solution File, Format Version 12.00
# Visual Studio 15
VisualStudioVersion = 15.0.26228.4
MinimumVisualStudioVersion = 10.0.40219.1
Project("{FAE04EC0-301F-11D3-BF4B-00C04F79EFBC}") = "oddsscanner", "oddsscanner\oddsscanner.csproj", "{B1919DCD-C32C-4C4A-A82C-62FA36EE6E05}"
EndProject
Project("{FAE04EC0-301F-11D3-BF4B-00C04F79EFBC}") = "BetsLibrary", "BetsLibrary\BetsLibrary.csproj", "{6AE0228A-2F69-48EF-BBC0-E28682BBF19E}"
EndProject
Project("{FAE04EC0-301F-11D3-BF4B-00C04F79EFBC}") = "BookmakerParser", "BookmakerParser\BookmakerParser.csproj", "{46BCF344-8753-4965-A86F-4E6B1C0FE180}"
EndProject
Project("{FAE04EC0-301F-11D3-BF4B-00C04F79EFBC}") = "OddsAnalyzer", "OddsAnalyzer\OddsAnalyzer.csproj", "{2E279EEC-8E38-4A99-897A-3E45C53B2637}"
EndProject
Project("{FAE04EC0-301F-11D3-BF4B-00C04F79EFBC}") = "Arbitrage Client", "Arbitrage Client\Arbitrage Client.csproj", "{DD1C41E6-C817-4462-9385-C542E3719567}"
EndProject
Project("{FAE04EC0-301F-11D3-BF4B-00C04F79EFBC}") = "BookmakerAuth", "BookmakerAuth\BookmakerAuth.csproj", "{B3BF169E-6759-4D14-AED8-3C8CFEE933E1}"
EndProject
Project("{FAE04EC0-301F-11D3-BF4B-00C04F79EFBC}") = "ArbitrageService", "ArbitrageService\ArbitrageService.csproj", "{DCFC1E68-C021-497A-B777-0800EBA0DCEE}"
EndProject
Project("{FAE04EC0-301F-11D3-BF4B-00C04F79EFBC}") = "ArbitrageServiceHost", "ArbitrageServiceHost\ArbitrageServiceHost.csproj", "{6FF31EFD-7C17-4E68-861D-0A73D2AA8575}"
EndProject
Global
	GlobalSection(SolutionConfigurationPlatforms) = preSolution
		Debug|Any CPU = Debug|Any CPU
		Release|Any CPU = Release|Any CPU
	EndGlobalSection
	GlobalSection(ProjectConfigurationPlatforms) = postSolution
		{B1919DCD-C32C-4C4A-A82C-62FA36EE6E05}.Debug|Any CPU.ActiveCfg = Debug|x86
		{B1919DCD-C32C-4C4A-A82C-62FA36EE6E05}.Debug|Any CPU.Build.0 = Debug|x86
		{B1919DCD-C32C-4C4A-A82C-62FA36EE6E05}.Release|Any CPU.ActiveCfg = Release|Any CPU
		{B1919DCD-C32C-4C4A-A82C-62FA36EE6E05}.Release|Any CPU.Build.0 = Release|Any CPU
		{6AE0228A-2F69-48EF-BBC0-E28682BBF19E}.Debug|Any CPU.ActiveCfg = Debug|Any CPU
		{6AE0228A-2F69-48EF-BBC0-E28682BBF19E}.Debug|Any CPU.Build.0 = Debug|Any CPU
		{6AE0228A-2F69-48EF-BBC0-E28682BBF19E}.Release|Any CPU.ActiveCfg = Release|Any CPU
		{6AE0228A-2F69-48EF-BBC0-E28682BBF19E}.Release|Any CPU.Build.0 = Release|Any CPU
		{46BCF344-8753-4965-A86F-4E6B1C0FE180}.Debug|Any CPU.ActiveCfg = Debug|x86
		{46BCF344-8753-4965-A86F-4E6B1C0FE180}.Debug|Any CPU.Build.0 = Debug|x86
		{46BCF344-8753-4965-A86F-4E6B1C0FE180}.Release|Any CPU.ActiveCfg = Release|Any CPU
		{46BCF344-8753-4965-A86F-4E6B1C0FE180}.Release|Any CPU.Build.0 = Release|Any CPU
		{2E279EEC-8E38-4A99-897A-3E45C53B2637}.Debug|Any CPU.ActiveCfg = Debug|Any CPU
		{2E279EEC-8E38-4A99-897A-3E45C53B2637}.Debug|Any CPU.Build.0 = Debug|Any CPU
		{2E279EEC-8E38-4A99-897A-3E45C53B2637}.Release|Any CPU.ActiveCfg = Release|Any CPU
		{2E279EEC-8E38-4A99-897A-3E45C53B2637}.Release|Any CPU.Build.0 = Release|Any CPU
		{DD1C41E6-C817-4462-9385-C542E3719567}.Debug|Any CPU.ActiveCfg = Debug|x86
		{DD1C41E6-C817-4462-9385-C542E3719567}.Debug|Any CPU.Build.0 = Debug|x86
		{DD1C41E6-C817-4462-9385-C542E3719567}.Release|Any CPU.ActiveCfg = Release|Any CPU
		{DD1C41E6-C817-4462-9385-C542E3719567}.Release|Any CPU.Build.0 = Release|Any CPU
		{B3BF169E-6759-4D14-AED8-3C8CFEE933E1}.Debug|Any CPU.ActiveCfg = Debug|Any CPU
		{B3BF169E-6759-4D14-AED8-3C8CFEE933E1}.Debug|Any CPU.Build.0 = Debug|Any CPU
		{B3BF169E-6759-4D14-AED8-3C8CFEE933E1}.Release|Any CPU.ActiveCfg = Release|Any CPU
		{B3BF169E-6759-4D14-AED8-3C8CFEE933E1}.Release|Any CPU.Build.0 = Release|Any CPU
		{DCFC1E68-C021-497A-B777-0800EBA0DCEE}.Debug|Any CPU.ActiveCfg = Debug|Any CPU
		{DCFC1E68-C021-497A-B777-0800EBA0DCEE}.Debug|Any CPU.Build.0 = Debug|Any CPU
		{DCFC1E68-C021-497A-B777-0800EBA0DCEE}.Release|Any CPU.ActiveCfg = Release|Any CPU
		{DCFC1E68-C021-497A-B777-0800EBA0DCEE}.Release|Any CPU.Build.0 = Release|Any CPU
		{6FF31EFD-7C17-4E68-861D-0A73D2AA8575}.Debug|Any CPU.ActiveCfg = Debug|Any CPU
		{6FF31EFD-7C17-4E68-861D-0A73D2AA8575}.Debug|Any CPU.Build.0 = Debug|Any CPU
		{6FF31EFD-7C17-4E68-861D-0A73D2AA8575}.Release|Any CPU.ActiveCfg = Release|Any CPU
		{6FF31EFD-7C17-4E68-861D-0A73D2AA8575}.Release|Any CPU.Build.0 = Release|Any CPU
	EndGlobalSection
	GlobalSection(SolutionProperties) = preSolution
		HideSolutionNode = FALSE
	EndGlobalSection
EndGlobal
